
Microsoft Visual Studio Solution File, Format Version 12.00
# Visual Studio 15
Project("{FAE04EC0-301F-11D3-BF4B-00C04F79EFBC}") = "Section2Scripts", "Section2Scripts.csproj", "{F242C042-C245-C360-3A42-9B39FF09DC78}"
EndProject
Project("{FAE04EC0-301F-11D3-BF4B-00C04F79EFBC}") = "PlayMode", "PlayMode.csproj", "{BDCA1E0A-4BC5-7405-8685-567410C9DE18}"
EndProject
Project("{FAE04EC0-301F-11D3-BF4B-00C04F79EFBC}") = "Assembly-CSharp", "Assembly-CSharp.csproj", "{5E35D4AC-E371-C1C8-3665-0C173B6A4A4D}"
EndProject
Project("{FAE04EC0-301F-11D3-BF4B-00C04F79EFBC}") = "EditMode", "EditMode.csproj", "{E3A262CC-4378-1EE3-D8DF-2EBCD9040F0F}"
EndProject
Global
	GlobalSection(SolutionConfigurationPlatforms) = preSolution
		Debug|Any CPU = Debug|Any CPU
		Release|Any CPU = Release|Any CPU
	EndGlobalSection
	GlobalSection(ProjectConfigurationPlatforms) = postSolution
		{F242C042-C245-C360-3A42-9B39FF09DC78}.Debug|Any CPU.ActiveCfg = Debug|Any CPU
		{F242C042-C245-C360-3A42-9B39FF09DC78}.Debug|Any CPU.Build.0 = Debug|Any CPU
		{F242C042-C245-C360-3A42-9B39FF09DC78}.Release|Any CPU.ActiveCfg = Release|Any CPU
		{F242C042-C245-C360-3A42-9B39FF09DC78}.Release|Any CPU.Build.0 = Release|Any CPU
		{BDCA1E0A-4BC5-7405-8685-567410C9DE18}.Debug|Any CPU.ActiveCfg = Debug|Any CPU
		{BDCA1E0A-4BC5-7405-8685-567410C9DE18}.Debug|Any CPU.Build.0 = Debug|Any CPU
		{BDCA1E0A-4BC5-7405-8685-567410C9DE18}.Release|Any CPU.ActiveCfg = Release|Any CPU
		{BDCA1E0A-4BC5-7405-8685-567410C9DE18}.Release|Any CPU.Build.0 = Release|Any CPU
		{5E35D4AC-E371-C1C8-3665-0C173B6A4A4D}.Debug|Any CPU.ActiveCfg = Debug|Any CPU
		{5E35D4AC-E371-C1C8-3665-0C173B6A4A4D}.Debug|Any CPU.Build.0 = Debug|Any CPU
		{5E35D4AC-E371-C1C8-3665-0C173B6A4A4D}.Release|Any CPU.ActiveCfg = Release|Any CPU
		{5E35D4AC-E371-C1C8-3665-0C173B6A4A4D}.Release|Any CPU.Build.0 = Release|Any CPU
		{E3A262CC-4378-1EE3-D8DF-2EBCD9040F0F}.Debug|Any CPU.ActiveCfg = Debug|Any CPU
		{E3A262CC-4378-1EE3-D8DF-2EBCD9040F0F}.Debug|Any CPU.Build.0 = Debug|Any CPU
		{E3A262CC-4378-1EE3-D8DF-2EBCD9040F0F}.Release|Any CPU.ActiveCfg = Release|Any CPU
		{E3A262CC-4378-1EE3-D8DF-2EBCD9040F0F}.Release|Any CPU.Build.0 = Release|Any CPU
	EndGlobalSection
	GlobalSection(SolutionProperties) = preSolution
		HideSolutionNode = FALSE
	EndGlobalSection
EndGlobal
